
Microsoft Visual Studio Solution File, Format Version 12.00
# Visual Studio Version 17
VisualStudioVersion = 17.7.34031.279
MinimumVisualStudioVersion = 10.0.40219.1
Project("{FAE04EC0-301F-11D3-BF4B-00C04F79EFBC}") = "WpfAppCurrencyConverter_Static", "WpfAppCurrencyConverter_Static\WpfAppCurrencyConverter_Static.csproj", "{30665B2D-A7BC-4E02-A35B-F03D8022D854}"
EndProject
Global
	GlobalSection(SolutionConfigurationPlatforms) = preSolution
		Debug|Any CPU = Debug|Any CPU
		Release|Any CPU = Release|Any CPU
	EndGlobalSection
	GlobalSection(ProjectConfigurationPlatforms) = postSolution
		{30665B2D-A7BC-4E02-A35B-F03D8022D854}.Debug|Any CPU.ActiveCfg = Debug|Any CPU
		{30665B2D-A7BC-4E02-A35B-F03D8022D854}.Debug|Any CPU.Build.0 = Debug|Any CPU
		{30665B2D-A7BC-4E02-A35B-F03D8022D854}.Release|Any CPU.ActiveCfg = Release|Any CPU
		{30665B2D-A7BC-4E02-A35B-F03D8022D854}.Release|Any CPU.Build.0 = Release|Any CPU
	EndGlobalSection
	GlobalSection(SolutionProperties) = preSolution
		HideSolutionNode = FALSE
	EndGlobalSection
	GlobalSection(ExtensibilityGlobals) = postSolution
		SolutionGuid = {8A8A00E7-934E-4666-9976-6AD97403504F}
	EndGlobalSection
EndGlobal
